
Microsoft Visual Studio Solution File, Format Version 12.00
# Visual Studio 15
Project("{FAE04EC0-301F-11D3-BF4B-00C04F79EFBC}") = "UnityVS.MF_game_demo", "UnityVS.MF_game_demo.csproj", "{851EB9EE-03CA-90CD-E5EC-9798DD0CFE2E}"
EndProject
Global
	GlobalSection(SolutionConfigurationPlatforms) = preSolution
		Debug|Any CPU = Debug|Any CPU
		Release|Any CPU = Release|Any CPU
	EndGlobalSection
	GlobalSection(ProjectConfigurationPlatforms) = postSolution
		{851EB9EE-03CA-90CD-E5EC-9798DD0CFE2E}.Debug|Any CPU.ActiveCfg = Debug|Any CPU
		{851EB9EE-03CA-90CD-E5EC-9798DD0CFE2E}.Debug|Any CPU.Build.0 = Debug|Any CPU
		{851EB9EE-03CA-90CD-E5EC-9798DD0CFE2E}.Release|Any CPU.ActiveCfg = Release|Any CPU
		{851EB9EE-03CA-90CD-E5EC-9798DD0CFE2E}.Release|Any CPU.Build.0 = Release|Any CPU
	EndGlobalSection
	GlobalSection(SolutionProperties) = preSolution
		HideSolutionNode = FALSE
	EndGlobalSection
EndGlobal
